
Microsoft Visual Studio Solution File, Format Version 12.00
Project("{FAE04EC0-301F-11D3-BF4B-00C04F79EFBC}") = "MyStore.Data", "MyStore.Data\MyStore.Data.csproj", "{BEA32B14-69A4-4530-870C-51A5E208204A}"
EndProject
Project("{FAE04EC0-301F-11D3-BF4B-00C04F79EFBC}") = "MyStore.Data.Populater", "MyStore.Data.Populater\MyStore.Data.Populater.csproj", "{FC9ADBE4-7ED8-4213-90FA-BC40FDEC4BD7}"
EndProject
Project("{FAE04EC0-301F-11D3-BF4B-00C04F79EFBC}") = "MyStore.AdoNet", "MyStore.AdoNet\MyStore.AdoNet.csproj", "{36E43FC6-B79A-4928-922F-3AABA7457D49}"
EndProject
Project("{FAE04EC0-301F-11D3-BF4B-00C04F79EFBC}") = "MyStore.EfCore", "MyStore.EfCore\MyStore.EfCore.csproj", "{D66E3CA4-5412-4692-A056-49C0CC5A549F}"
EndProject
Project("{F2A71F9B-5D33-465A-A702-920D77279786}") = "MyStore.SQLProvider", "MyStore.SQLProvider\MyStore.SQLProvider.fsproj", "{31E58E1C-6997-4137-BCFD-02810D8DCCCF}"
EndProject
Global
	GlobalSection(SolutionConfigurationPlatforms) = preSolution
		Debug|Any CPU = Debug|Any CPU
		Release|Any CPU = Release|Any CPU
	EndGlobalSection
	GlobalSection(ProjectConfigurationPlatforms) = postSolution
		{BEA32B14-69A4-4530-870C-51A5E208204A}.Debug|Any CPU.ActiveCfg = Debug|Any CPU
		{BEA32B14-69A4-4530-870C-51A5E208204A}.Debug|Any CPU.Build.0 = Debug|Any CPU
		{BEA32B14-69A4-4530-870C-51A5E208204A}.Release|Any CPU.ActiveCfg = Release|Any CPU
		{BEA32B14-69A4-4530-870C-51A5E208204A}.Release|Any CPU.Build.0 = Release|Any CPU
		{FC9ADBE4-7ED8-4213-90FA-BC40FDEC4BD7}.Debug|Any CPU.ActiveCfg = Debug|Any CPU
		{FC9ADBE4-7ED8-4213-90FA-BC40FDEC4BD7}.Debug|Any CPU.Build.0 = Debug|Any CPU
		{FC9ADBE4-7ED8-4213-90FA-BC40FDEC4BD7}.Release|Any CPU.ActiveCfg = Release|Any CPU
		{FC9ADBE4-7ED8-4213-90FA-BC40FDEC4BD7}.Release|Any CPU.Build.0 = Release|Any CPU
		{36E43FC6-B79A-4928-922F-3AABA7457D49}.Debug|Any CPU.ActiveCfg = Debug|Any CPU
		{36E43FC6-B79A-4928-922F-3AABA7457D49}.Debug|Any CPU.Build.0 = Debug|Any CPU
		{36E43FC6-B79A-4928-922F-3AABA7457D49}.Release|Any CPU.ActiveCfg = Release|Any CPU
		{36E43FC6-B79A-4928-922F-3AABA7457D49}.Release|Any CPU.Build.0 = Release|Any CPU
		{D66E3CA4-5412-4692-A056-49C0CC5A549F}.Debug|Any CPU.ActiveCfg = Debug|Any CPU
		{D66E3CA4-5412-4692-A056-49C0CC5A549F}.Debug|Any CPU.Build.0 = Debug|Any CPU
		{D66E3CA4-5412-4692-A056-49C0CC5A549F}.Release|Any CPU.ActiveCfg = Release|Any CPU
		{D66E3CA4-5412-4692-A056-49C0CC5A549F}.Release|Any CPU.Build.0 = Release|Any CPU
		{31E58E1C-6997-4137-BCFD-02810D8DCCCF}.Debug|Any CPU.ActiveCfg = Debug|Any CPU
		{31E58E1C-6997-4137-BCFD-02810D8DCCCF}.Debug|Any CPU.Build.0 = Debug|Any CPU
		{31E58E1C-6997-4137-BCFD-02810D8DCCCF}.Release|Any CPU.ActiveCfg = Release|Any CPU
		{31E58E1C-6997-4137-BCFD-02810D8DCCCF}.Release|Any CPU.Build.0 = Release|Any CPU
	EndGlobalSection
EndGlobal
